
Microsoft Visual Studio Solution File, Format Version 12.00
# Visual Studio 15
VisualStudioVersion = 15.0.27130.2024
MinimumVisualStudioVersion = 10.0.40219.1
Project("{8BC9CEB8-8B4A-11D0-8D11-00A0C91BC942}") = "FlannaganPA5", "FlannaganPA5\FlannaganPA5.vcxproj", "{484D17B2-70D9-4C3B-9220-70486635945B}"
EndProject
Global
	GlobalSection(SolutionConfigurationPlatforms) = preSolution
		Debug|x64 = Debug|x64
		Debug|x86 = Debug|x86
		Release|x64 = Release|x64
		Release|x86 = Release|x86
	EndGlobalSection
	GlobalSection(ProjectConfigurationPlatforms) = postSolution
		{484D17B2-70D9-4C3B-9220-70486635945B}.Debug|x64.ActiveCfg = Debug|x64
		{484D17B2-70D9-4C3B-9220-70486635945B}.Debug|x64.Build.0 = Debug|x64
		{484D17B2-70D9-4C3B-9220-70486635945B}.Debug|x86.ActiveCfg = Debug|Win32
		{484D17B2-70D9-4C3B-9220-70486635945B}.Debug|x86.Build.0 = Debug|Win32
		{484D17B2-70D9-4C3B-9220-70486635945B}.Release|x64.ActiveCfg = Release|x64
		{484D17B2-70D9-4C3B-9220-70486635945B}.Release|x64.Build.0 = Release|x64
		{484D17B2-70D9-4C3B-9220-70486635945B}.Release|x86.ActiveCfg = Release|Win32
		{484D17B2-70D9-4C3B-9220-70486635945B}.Release|x86.Build.0 = Release|Win32
	EndGlobalSection
	GlobalSection(SolutionProperties) = preSolution
		HideSolutionNode = FALSE
	EndGlobalSection
	GlobalSection(ExtensibilityGlobals) = postSolution
		SolutionGuid = {E77CC691-E2DD-4A59-9C50-621A64752E28}
	EndGlobalSection
EndGlobal
